
Microsoft Visual Studio Solution File, Format Version 12.00
# Visual Studio Version 16
VisualStudioVersion = 16.0.30225.117
MinimumVisualStudioVersion = 10.0.40219.1
Project("{9A19103F-16F7-4668-BE54-9A1E7A4F7556}") = "DapperStoredProc", "DapperStoredProc.csproj", "{7317F3AD-9F75-498B-9413-7769AE5FD60E}"
EndProject
Global
	GlobalSection(SolutionConfigurationPlatforms) = preSolution
		Debug|Any CPU = Debug|Any CPU
		Release|Any CPU = Release|Any CPU
	EndGlobalSection
	GlobalSection(ProjectConfigurationPlatforms) = postSolution
		{7317F3AD-9F75-498B-9413-7769AE5FD60E}.Debug|Any CPU.ActiveCfg = Debug|Any CPU
		{7317F3AD-9F75-498B-9413-7769AE5FD60E}.Debug|Any CPU.Build.0 = Debug|Any CPU
		{7317F3AD-9F75-498B-9413-7769AE5FD60E}.Release|Any CPU.ActiveCfg = Release|Any CPU
		{7317F3AD-9F75-498B-9413-7769AE5FD60E}.Release|Any CPU.Build.0 = Release|Any CPU
	EndGlobalSection
	GlobalSection(SolutionProperties) = preSolution
		HideSolutionNode = FALSE
	EndGlobalSection
	GlobalSection(ExtensibilityGlobals) = postSolution
		SolutionGuid = {79C78350-D3B4-4388-B83F-03B86C217F12}
	EndGlobalSection
EndGlobal
